
Microsoft Visual Studio Solution File, Format Version 12.00
# Visual Studio Version 17
VisualStudioVersion = 17.11.35327.3
MinimumVisualStudioVersion = 10.0.40219.1
Project("{FAE04EC0-301F-11D3-BF4B-00C04F79EFBC}") = "BookShopManagementSystem", "BookShopManagementSystem.csproj", "{86450232-DAF3-4A40-9969-3E13DAA9AE72}"
EndProject
Global
	GlobalSection(SolutionConfigurationPlatforms) = preSolution
		Debug|Any CPU = Debug|Any CPU
		Release|Any CPU = Release|Any CPU
	EndGlobalSection
	GlobalSection(ProjectConfigurationPlatforms) = postSolution
		{86450232-DAF3-4A40-9969-3E13DAA9AE72}.Debug|Any CPU.ActiveCfg = Debug|Any CPU
		{86450232-DAF3-4A40-9969-3E13DAA9AE72}.Debug|Any CPU.Build.0 = Debug|Any CPU
		{86450232-DAF3-4A40-9969-3E13DAA9AE72}.Release|Any CPU.ActiveCfg = Release|Any CPU
		{86450232-DAF3-4A40-9969-3E13DAA9AE72}.Release|Any CPU.Build.0 = Release|Any CPU
	EndGlobalSection
	GlobalSection(SolutionProperties) = preSolution
		HideSolutionNode = FALSE
	EndGlobalSection
	GlobalSection(ExtensibilityGlobals) = postSolution
		SolutionGuid = {C26E084C-62E0-468F-992C-4F589562A769}
	EndGlobalSection
EndGlobal
